// !$*UTF8*$!
{
	archiveVersion = 1;
	classes = {
	};
	objectVersion = 46;
	objects = {

/* Begin PBXBuildFile section */
		3A022FAE1F16A40A00B7B612 /* main.swift in Sources */ = {isa = PBXBuildFile; fileRef = 3A022FAD1F16A40A00B7B612 /* main.swift */; };
		94ED6AD91F1FF39200146C08 /* error_Spec.swift in Sources */ = {isa = PBXBuildFile; fileRef = 94ED6AC51F1FF39200146C08 /* error_Spec.swift */; };
		94ED6ADD1F1FF39200146C08 /* io_Spec.swift in Sources */ = {isa = PBXBuildFile; fileRef = 94ED6AC91F1FF39200146C08 /* io_Spec.swift */; };
		94ED6AE11F1FF39200146C08 /* ok_Spec.swift in Sources */ = {isa = PBXBuildFile; fileRef = 94ED6ACD1F1FF39200146C08 /* ok_Spec.swift */; };
		94ED6AEE1F1FF39E00146C08 /* Decoder.swift in Sources */ = {isa = PBXBuildFile; fileRef = 94ED6AE91F1FF39E00146C08 /* Decoder.swift */; };
		94ED6AF01F1FF39E00146C08 /* StringAtom.swift in Sources */ = {isa = PBXBuildFile; fileRef = 94ED6AEB1F1FF39E00146C08 /* StringAtom.swift */; };
		94ED6AF11F1FF39E00146C08 /* TypeSpec.swift in Sources */ = {isa = PBXBuildFile; fileRef = 94ED6AEC1F1FF39E00146C08 /* TypeSpec.swift */; };
		94ED6AF21F1FF39E00146C08 /* Bert.swift in Sources */ = {isa = PBXBuildFile; fileRef = 94ED6AED1F1FF39E00146C08 /* Bert.swift */; };
		94ED6B0B1F1FF3AB00146C08 /* error.swift in Sources */ = {isa = PBXBuildFile; fileRef = 94ED6AF71F1FF3AB00146C08 /* error.swift */; };
		94ED6B0F1F1FF3AB00146C08 /* io.swift in Sources */ = {isa = PBXBuildFile; fileRef = 94ED6AFB1F1FF3AB00146C08 /* io.swift */; };
		94ED6B131F1FF3AB00146C08 /* ok.swift in Sources */ = {isa = PBXBuildFile; fileRef = 94ED6AFF1F1FF3AB00146C08 /* ok.swift */; };
/* End PBXBuildFile section */

/* Begin PBXCopyFilesBuildPhase section */
		3A022FA81F16A40A00B7B612 /* CopyFiles */ = {
			isa = PBXCopyFilesBuildPhase;
			buildActionMask = 2147483647;
			dstPath = /usr/share/man/man1/;
			dstSubfolderSpec = 0;
			files = (
			);
			runOnlyForDeploymentPostprocessing = 1;
		};
/* End PBXCopyFilesBuildPhase section */

/* Begin PBXFileReference section */
		3A022FAA1F16A40A00B7B612 /* macbert */ = {isa = PBXFileReference; explicitFileType = "compiled.mach-o.executable"; includeInIndex = 0; path = macbert; sourceTree = BUILT_PRODUCTS_DIR; };
		3A022FAD1F16A40A00B7B612 /* main.swift */ = {isa = PBXFileReference; lastKnownFileType = sourcecode.swift; path = main.swift; sourceTree = "<group>"; };
		94ED6AC51F1FF39200146C08 /* error_Spec.swift */ = {isa = PBXFileReference; fileEncoding = 4; lastKnownFileType = sourcecode.swift; name = error_Spec.swift; path = Spec/error_Spec.swift; sourceTree = "<group>"; };
		94ED6AC91F1FF39200146C08 /* io_Spec.swift */ = {isa = PBXFileReference; fileEncoding = 4; lastKnownFileType = sourcecode.swift; name = io_Spec.swift; path = Spec/io_Spec.swift; sourceTree = "<group>"; };
		94ED6ACD1F1FF39200146C08 /* ok_Spec.swift */ = {isa = PBXFileReference; fileEncoding = 4; lastKnownFileType = sourcecode.swift; name = ok_Spec.swift; path = Spec/ok_Spec.swift; sourceTree = "<group>"; };
		94ED6AE91F1FF39E00146C08 /* Decoder.swift */ = {isa = PBXFileReference; fileEncoding = 4; lastKnownFileType = sourcecode.swift; name = Decoder.swift; path = Source/Decoder.swift; sourceTree = "<group>"; };
		94ED6AEA1F1FF39E00146C08 /* Encoder.swift */ = {isa = PBXFileReference; fileEncoding = 4; lastKnownFileType = sourcecode.swift; name = Encoder.swift; path = Source/Encoder.swift; sourceTree = "<group>"; };
		94ED6AEB1F1FF39E00146C08 /* StringAtom.swift */ = {isa = PBXFileReference; fileEncoding = 4; lastKnownFileType = sourcecode.swift; name = StringAtom.swift; path = Source/StringAtom.swift; sourceTree = "<group>"; };
		94ED6AEC1F1FF39E00146C08 /* TypeSpec.swift */ = {isa = PBXFileReference; fileEncoding = 4; lastKnownFileType = sourcecode.swift; name = TypeSpec.swift; path = Source/TypeSpec.swift; sourceTree = "<group>"; };
		94ED6AED1F1FF39E00146C08 /* Bert.swift */ = {isa = PBXFileReference; fileEncoding = 4; lastKnownFileType = sourcecode.swift; name = Bert.swift; path = Source/Bert.swift; sourceTree = "<group>"; };
		94ED6AF71F1FF3AB00146C08 /* error.swift */ = {isa = PBXFileReference; fileEncoding = 4; lastKnownFileType = sourcecode.swift; name = error.swift; path = Model/error.swift; sourceTree = "<group>"; };
		94ED6AFB1F1FF3AB00146C08 /* io.swift */ = {isa = PBXFileReference; fileEncoding = 4; lastKnownFileType = sourcecode.swift; name = io.swift; path = Model/io.swift; sourceTree = "<group>"; };
		94ED6AFF1F1FF3AB00146C08 /* ok.swift */ = {isa = PBXFileReference; fileEncoding = 4; lastKnownFileType = sourcecode.swift; name = ok.swift; path = Model/ok.swift; sourceTree = "<group>"; };
/* End PBXFileReference section */

/* Begin PBXFrameworksBuildPhase section */
		3A022FA71F16A40A00B7B612 /* Frameworks */ = {
			isa = PBXFrameworksBuildPhase;
			buildActionMask = 2147483647;
			files = (
			);
			runOnlyForDeploymentPostprocessing = 0;
		};
/* End PBXFrameworksBuildPhase section */

/* Begin PBXGroup section */
		3A022FA11F16A40A00B7B612 = {
			isa = PBXGroup;
			children = (
				3A022FAC1F16A40A00B7B612 /* macbert */,
				3A022FAB1F16A40A00B7B612 /* Products */,
			);
			sourceTree = "<group>";
		};
		3A022FAB1F16A40A00B7B612 /* Products */ = {
			isa = PBXGroup;
			children = (
				3A022FAA1F16A40A00B7B612 /* macbert */,
			);
			name = Products;
			sourceTree = "<group>";
		};
		3A022FAC1F16A40A00B7B612 /* macbert */ = {
			isa = PBXGroup;
			children = (
				94ED6ABF1F1FF37000146C08 /* Source */,
				94ED6ABE1F1FF36B00146C08 /* Model */,
				94ED6AC01F1FF38900146C08 /* Spec */,
				3A022FAD1F16A40A00B7B612 /* main.swift */,
			);
			path = macbert;
			sourceTree = "<group>";
		};
		94ED6ABE1F1FF36B00146C08 /* Model */ = {
			isa = PBXGroup;
			children = (
				94ED6AF71F1FF3AB00146C08 /* error.swift */,
				94ED6AFB1F1FF3AB00146C08 /* io.swift */,
				94ED6AFF1F1FF3AB00146C08 /* ok.swift */,
			);
			name = Model;
			sourceTree = "<group>";
		};
		94ED6ABF1F1FF37000146C08 /* Source */ = {
			isa = PBXGroup;
			children = (
				94ED6AE91F1FF39E00146C08 /* Decoder.swift */,
				94ED6AEA1F1FF39E00146C08 /* Encoder.swift */,
				94ED6AEB1F1FF39E00146C08 /* StringAtom.swift */,
				94ED6AEC1F1FF39E00146C08 /* TypeSpec.swift */,
				94ED6AED1F1FF39E00146C08 /* Bert.swift */,
			);
			name = Source;
			sourceTree = "<group>";
		};
		94ED6AC01F1FF38900146C08 /* Spec */ = {
			isa = PBXGroup;
			children = (
				94ED6AC51F1FF39200146C08 /* error_Spec.swift */,
				94ED6AC91F1FF39200146C08 /* io_Spec.swift */,
				94ED6ACD1F1FF39200146C08 /* ok_Spec.swift */,
			);
			name = Spec;
			sourceTree = "<group>";
		};
/* End PBXGroup section */

/* Begin PBXNativeTarget section */
		3A022FA91F16A40A00B7B612 /* macbert */ = {
			isa = PBXNativeTarget;
			buildConfigurationList = 3A022FB11F16A40A00B7B612 /* Build configuration list for PBXNativeTarget "macbert" */;
			buildPhases = (
				3A022FA61F16A40A00B7B612 /* Sources */,
				3A022FA71F16A40A00B7B612 /* Frameworks */,
				3A022FA81F16A40A00B7B612 /* CopyFiles */,
			);
			buildRules = (
			);
			dependencies = (
			);
			name = macbert;
			productName = macbert;
			productReference = 3A022FAA1F16A40A00B7B612 /* macbert */;
			productType = "com.apple.product-type.tool";
		};
/* End PBXNativeTarget section */

/* Begin PBXProject section */
		3A022FA21F16A40A00B7B612 /* Project object */ = {
			isa = PBXProject;
			attributes = {
				LastSwiftUpdateCheck = 0830;
				LastUpgradeCheck = 0830;
				ORGANIZATIONNAME = "TecSynt Solutions";
				TargetAttributes = {
					3A022FA91F16A40A00B7B612 = {
						CreatedOnToolsVersion = 8.3.3;
						DevelopmentTeam = 7228BBSRBS;
						ProvisioningStyle = Automatic;
					};
				};
			};
			buildConfigurationList = 3A022FA51F16A40A00B7B612 /* Build configuration list for PBXProject "macbert" */;
			compatibilityVersion = "Xcode 3.2";
			developmentRegion = English;
			hasScannedForEncodings = 0;
			knownRegions = (
				en,
			);
			mainGroup = 3A022FA11F16A40A00B7B612;
			productRefGroup = 3A022FAB1F16A40A00B7B612 /* Products */;
			projectDirPath = "";
			projectRoot = "";
			targets = (
				3A022FA91F16A40A00B7B612 /* macbert */,
			);
		};
/* End PBXProject section */

/* Begin PBXSourcesBuildPhase section */
		3A022FA61F16A40A00B7B612 /* Sources */ = {
			isa = PBXSourcesBuildPhase;
			buildActionMask = 2147483647;
			files = (
				94ED6B0B1F1FF3AB00146C08 /* error.swift in Sources */,
				94ED6B0F1F1FF3AB00146C08 /* io.swift in Sources */,
				94ED6AF21F1FF39E00146C08 /* Bert.swift in Sources */,
				94ED6ADD1F1FF39200146C08 /* io_Spec.swift in Sources */,
				94ED6AE11F1FF39200146C08 /* ok_Spec.swift in Sources */,
				94ED6B131F1FF3AB00146C08 /* ok.swift in Sources */,
				3A022FAE1F16A40A00B7B612 /* main.swift in Sources */,
				94ED6AF11F1FF39E00146C08 /* TypeSpec.swift in Sources */,
				94ED6AF01F1FF39E00146C08 /* StringAtom.swift in Sources */,
				94ED6AEE1F1FF39E00146C08 /* Decoder.swift in Sources */,
				94ED6AD91F1FF39200146C08 /* error_Spec.swift in Sources */,
			);
			runOnlyForDeploymentPostprocessing = 0;
		};
/* End PBXSourcesBuildPhase section */

/* Begin XCBuildConfiguration section */
		3A022FAF1F16A40A00B7B612 /* Debug */ = {
			isa = XCBuildConfiguration;
			buildSettings = {
				ALWAYS_SEARCH_USER_PATHS = NO;
				CLANG_ANALYZER_NONNULL = YES;
				CLANG_ANALYZER_NUMBER_OBJECT_CONVERSION = YES_AGGRESSIVE;
				CLANG_CXX_LANGUAGE_STANDARD = "gnu++0x";
				CLANG_CXX_LIBRARY = "libc++";
				CLANG_ENABLE_MODULES = YES;
				CLANG_ENABLE_OBJC_ARC = YES;
				CLANG_WARN_BOOL_CONVERSION = YES;
				CLANG_WARN_CONSTANT_CONVERSION = YES;
				CLANG_WARN_DIRECT_OBJC_ISA_USAGE = YES_ERROR;
				CLANG_WARN_DOCUMENTATION_COMMENTS = YES;
				CLANG_WARN_EMPTY_BODY = YES;
				CLANG_WARN_ENUM_CONVERSION = YES;
				CLANG_WARN_INFINITE_RECURSION = YES;
				CLANG_WARN_INT_CONVERSION = YES;
				CLANG_WARN_OBJC_ROOT_CLASS = YES_ERROR;
				CLANG_WARN_SUSPICIOUS_MOVE = YES;
				CLANG_WARN_UNREACHABLE_CODE = YES;
				CLANG_WARN__DUPLICATE_METHOD_MATCH = YES;
				CODE_SIGN_IDENTITY = "-";
				COPY_PHASE_STRIP = NO;
				DEBUG_INFORMATION_FORMAT = dwarf;
				ENABLE_STRICT_OBJC_MSGSEND = YES;
				ENABLE_TESTABILITY = YES;
				GCC_C_LANGUAGE_STANDARD = gnu99;
				GCC_DYNAMIC_NO_PIC = NO;
				GCC_NO_COMMON_BLOCKS = YES;
				GCC_OPTIMIZATION_LEVEL = 0;
				GCC_PREPROCESSOR_DEFINITIONS = (
					"DEBUG=1",
					"$(inherited)",
				);
				GCC_WARN_64_TO_32_BIT_CONVERSION = YES;
				GCC_WARN_ABOUT_RETURN_TYPE = YES_ERROR;
				GCC_WARN_UNDECLARED_SELECTOR = YES;
				GCC_WARN_UNINITIALIZED_AUTOS = YES_AGGRESSIVE;
				GCC_WARN_UNUSED_FUNCTION = YES;
				GCC_WARN_UNUSED_VARIABLE = YES;
				MACOSX_DEPLOYMENT_TARGET = 10.13;
				MTL_ENABLE_DEBUG_INFO = YES;
				ONLY_ACTIVE_ARCH = YES;
				SDKROOT = macosx;
				SWIFT_OPTIMIZATION_LEVEL = "-Onone";
			};
			name = Debug;
		};
		3A022FB01F16A40A00B7B612 /* Release */ = {
			isa = XCBuildConfiguration;
			buildSettings = {
				ALWAYS_SEARCH_USER_PATHS = NO;
				CLANG_ANALYZER_NONNULL = YES;
				CLANG_ANALYZER_NUMBER_OBJECT_CONVERSION = YES_AGGRESSIVE;
				CLANG_CXX_LANGUAGE_STANDARD = "gnu++0x";
				CLANG_CXX_LIBRARY = "libc++";
				CLANG_ENABLE_MODULES = YES;
				CLANG_ENABLE_OBJC_ARC = YES;
				CLANG_WARN_BOOL_CONVERSION = YES;
				CLANG_WARN_CONSTANT_CONVERSION = YES;
				CLANG_WARN_DIRECT_OBJC_ISA_USAGE = YES_ERROR;
				CLANG_WARN_DOCUMENTATION_COMMENTS = YES;
				CLANG_WARN_EMPTY_BODY = YES;
				CLANG_WARN_ENUM_CONVERSION = YES;
				CLANG_WARN_INFINITE_RECURSION = YES;
				CLANG_WARN_INT_CONVERSION = YES;
				CLANG_WARN_OBJC_ROOT_CLASS = YES_ERROR;
				CLANG_WARN_SUSPICIOUS_MOVE = YES;
				CLANG_WARN_UNREACHABLE_CODE = YES;
				CLANG_WARN__DUPLICATE_METHOD_MATCH = YES;
				CODE_SIGN_IDENTITY = "-";
				COPY_PHASE_STRIP = NO;
				DEBUG_INFORMATION_FORMAT = "dwarf-with-dsym";
				ENABLE_NS_ASSERTIONS = NO;
				ENABLE_STRICT_OBJC_MSGSEND = YES;
				GCC_C_LANGUAGE_STANDARD = gnu99;
				GCC_NO_COMMON_BLOCKS = YES;
				GCC_WARN_64_TO_32_BIT_CONVERSION = YES;
				GCC_WARN_ABOUT_RETURN_TYPE = YES_ERROR;
				GCC_WARN_UNDECLARED_SELECTOR = YES;
				GCC_WARN_UNINITIALIZED_AUTOS = YES_AGGRESSIVE;
				GCC_WARN_UNUSED_FUNCTION = YES;
				GCC_WARN_UNUSED_VARIABLE = YES;
				MACOSX_DEPLOYMENT_TARGET = 10.13;
				MTL_ENABLE_DEBUG_INFO = NO;
				SDKROOT = macosx;
			};
			name = Release;
		};
		3A022FB21F16A40A00B7B612 /* Debug */ = {
			isa = XCBuildConfiguration;
			buildSettings = {
				DEVELOPMENT_TEAM = 7228BBSRBS;
				PRODUCT_NAME = "$(TARGET_NAME)";
				SWIFT_VERSION = 3.0;
			};
			name = Debug;
		};
		3A022FB31F16A40A00B7B612 /* Release */ = {
			isa = XCBuildConfiguration;
			buildSettings = {
				DEVELOPMENT_TEAM = 7228BBSRBS;
				PRODUCT_NAME = "$(TARGET_NAME)";
				SWIFT_VERSION = 3.0;
			};
			name = Release;
		};
/* End XCBuildConfiguration section */

/* Begin XCConfigurationList section */
		3A022FA51F16A40A00B7B612 /* Build configuration list for PBXProject "macbert" */ = {
			isa = XCConfigurationList;
			buildConfigurations = (
				3A022FAF1F16A40A00B7B612 /* Debug */,
				3A022FB01F16A40A00B7B612 /* Release */,
			);
			defaultConfigurationIsVisible = 0;
			defaultConfigurationName = Release;
		};
		3A022FB11F16A40A00B7B612 /* Build configuration list for PBXNativeTarget "macbert" */ = {
			isa = XCConfigurationList;
			buildConfigurations = (
				3A022FB21F16A40A00B7B612 /* Debug */,
				3A022FB31F16A40A00B7B612 /* Release */,
			);
			defaultConfigurationIsVisible = 0;
			defaultConfigurationName = Release;
		};
/* End XCConfigurationList section */
	};
	rootObject = 3A022FA21F16A40A00B7B612 /* Project object */;
}
